{
  "version": 4,
  "terraform_version": "1.15.5",
  "serial": 72,
  "lineage": "b333066f-0dc2-4df7-a2c3-1a25b51368f3",
  "outputs": {
    "storage_container_name": {
      "value": "benchmark-results",
      "type": "string"
    },
    "vm_public_ip": {
      "value": "20.124.240.168",
      "type": "string"
    }
  },
  "resources": [
    {
      "mode": "managed",
      "type": "random_string",
      "name": "suffix",
      "provider": "provider[\"registry.terraform.io/hashicorp/random\"]",
      "instances": [
        {
          "schema_version": 2,
          "attributes": {
            "id": "tp3my8",
            "keepers": null,
            "length": 6,
            "lower": true,
            "min_lower": 0,
            "min_numeric": 0,
            "min_special": 0,
            "min_upper": 0,
            "number": true,
            "numeric": true,
            "override_special": null,
            "result": "tp3my8",
            "special": false,
            "upper": false
          },
          "sensitive_attributes": [],
          "identity_schema_version": 0
        }
      ]
    }
  ],
  "check_results": null
}
